
Microsoft Visual Studio Solution File, Format Version 12.00
# Visual Studio Version 16
VisualStudioVersion = 16.0.30717.126
MinimumVisualStudioVersion = 10.0.40219.1
Project("{9A19103F-16F7-4668-BE54-9A1E7A4F7556}") = "AubreyRussellServer", "AubreyRussellServer\AubreyRussellServer.csproj", "{0A0C98FA-3EFC-4EC0-8599-CF855208F1FB}"
EndProject
Project("{9A19103F-16F7-4668-BE54-9A1E7A4F7556}") = "AubreyRussellClient", "AubreyRussellClient\AubreyRussellClient.csproj", "{73EE7CBD-666E-4995-B8D4-AF824514B11B}"
EndProject
Project("{9A19103F-16F7-4668-BE54-9A1E7A4F7556}") = "Entities", "Entities\Entities.csproj", "{F2103268-8806-4A25-82C3-041F9AF24344}"
EndProject
Global
	GlobalSection(SolutionConfigurationPlatforms) = preSolution
		Debug|Any CPU = Debug|Any CPU
		Release|Any CPU = Release|Any CPU
	EndGlobalSection
	GlobalSection(ProjectConfigurationPlatforms) = postSolution
		{0A0C98FA-3EFC-4EC0-8599-CF855208F1FB}.Debug|Any CPU.ActiveCfg = Debug|Any CPU
		{0A0C98FA-3EFC-4EC0-8599-CF855208F1FB}.Debug|Any CPU.Build.0 = Debug|Any CPU
		{0A0C98FA-3EFC-4EC0-8599-CF855208F1FB}.Release|Any CPU.ActiveCfg = Release|Any CPU
		{0A0C98FA-3EFC-4EC0-8599-CF855208F1FB}.Release|Any CPU.Build.0 = Release|Any CPU
		{73EE7CBD-666E-4995-B8D4-AF824514B11B}.Debug|Any CPU.ActiveCfg = Debug|Any CPU
		{73EE7CBD-666E-4995-B8D4-AF824514B11B}.Debug|Any CPU.Build.0 = Debug|Any CPU
		{73EE7CBD-666E-4995-B8D4-AF824514B11B}.Release|Any CPU.ActiveCfg = Release|Any CPU
		{73EE7CBD-666E-4995-B8D4-AF824514B11B}.Release|Any CPU.Build.0 = Release|Any CPU
		{F2103268-8806-4A25-82C3-041F9AF24344}.Debug|Any CPU.ActiveCfg = Debug|Any CPU
		{F2103268-8806-4A25-82C3-041F9AF24344}.Debug|Any CPU.Build.0 = Debug|Any CPU
		{F2103268-8806-4A25-82C3-041F9AF24344}.Release|Any CPU.ActiveCfg = Release|Any CPU
		{F2103268-8806-4A25-82C3-041F9AF24344}.Release|Any CPU.Build.0 = Release|Any CPU
	EndGlobalSection
	GlobalSection(SolutionProperties) = preSolution
		HideSolutionNode = FALSE
	EndGlobalSection
	GlobalSection(ExtensibilityGlobals) = postSolution
		SolutionGuid = {4BD9CE41-DC46-42F3-865B-860EE66C9C1C}
	EndGlobalSection
EndGlobal
